
Microsoft Visual Studio Solution File, Format Version 12.00
# Visual Studio Version 17
VisualStudioVersion = 17.2.32630.192
MinimumVisualStudioVersion = 10.0.40219.1
Project("{9A19103F-16F7-4668-BE54-9A1E7A4F7556}") = "UploadPrj", "UploadPrj\UploadPrj.csproj", "{C6C64FB0-FE40-47DA-AABD-7D43219973B8}"
EndProject
Project("{9A19103F-16F7-4668-BE54-9A1E7A4F7556}") = "EntityLayer", "EntityLayer\EntityLayer.csproj", "{4E9EE1CC-2210-4D9B-99D6-F4E0572785F0}"
EndProject
Project("{9A19103F-16F7-4668-BE54-9A1E7A4F7556}") = "DataAccessLayer", "DataAccessLayer\DataAccessLayer.csproj", "{8C7DA304-5666-48C1-A08C-CC2EE0930221}"
EndProject
Project("{9A19103F-16F7-4668-BE54-9A1E7A4F7556}") = "ServiceLayer", "ServiceLayer\ServiceLayer.csproj", "{8A05AE6D-CFB2-462B-9AB6-B72936D886BE}"
EndProject
Project("{9A19103F-16F7-4668-BE54-9A1E7A4F7556}") = "WebTestPanelMVC", "WebTestPanelMVC\WebTestPanelMVC.csproj", "{59214305-6993-4259-B1DA-0F03B37AEA5A}"
EndProject
Project("{FAE04EC0-301F-11D3-BF4B-00C04F79EFBC}") = "CoreLayer", "CoreLayer\CoreLayer.csproj", "{47D61DB8-4E75-46AB-BCA6-26DB35130E9F}"
EndProject
Global
	GlobalSection(SolutionConfigurationPlatforms) = preSolution
		Debug|Any CPU = Debug|Any CPU
		Release|Any CPU = Release|Any CPU
	EndGlobalSection
	GlobalSection(ProjectConfigurationPlatforms) = postSolution
		{C6C64FB0-FE40-47DA-AABD-7D43219973B8}.Debug|Any CPU.ActiveCfg = Debug|Any CPU
		{C6C64FB0-FE40-47DA-AABD-7D43219973B8}.Debug|Any CPU.Build.0 = Debug|Any CPU
		{C6C64FB0-FE40-47DA-AABD-7D43219973B8}.Release|Any CPU.ActiveCfg = Release|Any CPU
		{C6C64FB0-FE40-47DA-AABD-7D43219973B8}.Release|Any CPU.Build.0 = Release|Any CPU
		{4E9EE1CC-2210-4D9B-99D6-F4E0572785F0}.Debug|Any CPU.ActiveCfg = Debug|Any CPU
		{4E9EE1CC-2210-4D9B-99D6-F4E0572785F0}.Debug|Any CPU.Build.0 = Debug|Any CPU
		{4E9EE1CC-2210-4D9B-99D6-F4E0572785F0}.Release|Any CPU.ActiveCfg = Release|Any CPU
		{4E9EE1CC-2210-4D9B-99D6-F4E0572785F0}.Release|Any CPU.Build.0 = Release|Any CPU
		{8C7DA304-5666-48C1-A08C-CC2EE0930221}.Debug|Any CPU.ActiveCfg = Debug|Any CPU
		{8C7DA304-5666-48C1-A08C-CC2EE0930221}.Debug|Any CPU.Build.0 = Debug|Any CPU
		{8C7DA304-5666-48C1-A08C-CC2EE0930221}.Release|Any CPU.ActiveCfg = Release|Any CPU
		{8C7DA304-5666-48C1-A08C-CC2EE0930221}.Release|Any CPU.Build.0 = Release|Any CPU
		{8A05AE6D-CFB2-462B-9AB6-B72936D886BE}.Debug|Any CPU.ActiveCfg = Debug|Any CPU
		{8A05AE6D-CFB2-462B-9AB6-B72936D886BE}.Debug|Any CPU.Build.0 = Debug|Any CPU
		{8A05AE6D-CFB2-462B-9AB6-B72936D886BE}.Release|Any CPU.ActiveCfg = Release|Any CPU
		{8A05AE6D-CFB2-462B-9AB6-B72936D886BE}.Release|Any CPU.Build.0 = Release|Any CPU
		{59214305-6993-4259-B1DA-0F03B37AEA5A}.Debug|Any CPU.ActiveCfg = Debug|Any CPU
		{59214305-6993-4259-B1DA-0F03B37AEA5A}.Debug|Any CPU.Build.0 = Debug|Any CPU
		{59214305-6993-4259-B1DA-0F03B37AEA5A}.Release|Any CPU.ActiveCfg = Release|Any CPU
		{59214305-6993-4259-B1DA-0F03B37AEA5A}.Release|Any CPU.Build.0 = Release|Any CPU
		{47D61DB8-4E75-46AB-BCA6-26DB35130E9F}.Debug|Any CPU.ActiveCfg = Debug|Any CPU
		{47D61DB8-4E75-46AB-BCA6-26DB35130E9F}.Debug|Any CPU.Build.0 = Debug|Any CPU
		{47D61DB8-4E75-46AB-BCA6-26DB35130E9F}.Release|Any CPU.ActiveCfg = Release|Any CPU
		{47D61DB8-4E75-46AB-BCA6-26DB35130E9F}.Release|Any CPU.Build.0 = Release|Any CPU
	EndGlobalSection
	GlobalSection(SolutionProperties) = preSolution
		HideSolutionNode = FALSE
	EndGlobalSection
	GlobalSection(ExtensibilityGlobals) = postSolution
		SolutionGuid = {D1029C21-A9BD-41FF-A9FB-AD1D305E4E69}
	EndGlobalSection
EndGlobal
